
Microsoft Visual Studio Solution File, Format Version 12.00
# Visual Studio Version 17
VisualStudioVersion = 17.11.35312.102
MinimumVisualStudioVersion = 10.0.40219.1
Project("{FAE04EC0-301F-11D3-BF4B-00C04F79EFBC}") = "Sistema  Fazenda", "Sistema  Fazenda\Sistema  Fazenda.csproj", "{9C0D1840-072C-4203-A9EF-64CF80357E5C}"
EndProject
Global
	GlobalSection(SolutionConfigurationPlatforms) = preSolution
		Debug|Any CPU = Debug|Any CPU
		Release|Any CPU = Release|Any CPU
	EndGlobalSection
	GlobalSection(ProjectConfigurationPlatforms) = postSolution
		{9C0D1840-072C-4203-A9EF-64CF80357E5C}.Debug|Any CPU.ActiveCfg = Debug|Any CPU
		{9C0D1840-072C-4203-A9EF-64CF80357E5C}.Debug|Any CPU.Build.0 = Debug|Any CPU
		{9C0D1840-072C-4203-A9EF-64CF80357E5C}.Release|Any CPU.ActiveCfg = Release|Any CPU
		{9C0D1840-072C-4203-A9EF-64CF80357E5C}.Release|Any CPU.Build.0 = Release|Any CPU
	EndGlobalSection
	GlobalSection(SolutionProperties) = preSolution
		HideSolutionNode = FALSE
	EndGlobalSection
	GlobalSection(ExtensibilityGlobals) = postSolution
		SolutionGuid = {0EC6AC4E-5EBC-4A61-8CD4-6D026A197A07}
	EndGlobalSection
EndGlobal
